{
    "_meta": {
        "hash": {
            "sha256": "3b5fe1689703b5c3eb89855d010d958629f70354c8b5ab2f0f208ae8d9be1720"
        },
        "requires": {},
        "sources": [
            {
                "url": "https://pypi.python.org/simple",
                "verify_ssl": true
            }
        ]
    },
    "default": {
        "oandapy": {
            "git": "https://github.com/oanda/oandapy.git"
        }
    },
    "develop": {
        "decorator": {
            "version": "==4.0.11"
        },
        "ipython": {
            "version": "==6.1.0"
        },
        "ipython-genutils": {
            "version": "==0.2.0"
        },
        "jedi": {
            "version": "==0.10.2"
        },
        "pexpect": {
            "version": "==4.2.1"
        },
        "pickleshare": {
            "version": "==0.7.4"
        },
        "prompt-toolkit": {
            "version": "==1.0.14"
        },
        "ptyprocess": {
            "version": "==0.5.2"
        },
        "pygments": {
            "version": "==2.2.0"
        },
        "setuptools": {
            "version": "==36.0.1"
        },
        "simplegeneric": {
            "version": "==0.8.1"
        },
        "six": {
            "version": "==1.10.0"
        },
        "traitlets": {
            "version": "==4.3.2"
        },
        "wcwidth": {
            "version": "==0.1.7"
        }
    }
}
